
Microsoft Visual Studio Solution File, Format Version 12.00
# Visual Studio Version 17
VisualStudioVersion = 17.14.37614.0 d17.14
MinimumVisualStudioVersion = 10.0.40219.1
Project("{FAE04EC0-301F-11D3-BF4B-00C04F79EFBC}") = "WarehouseManagementSystem", "WarehouseManagementSystem\WarehouseManagementSystem.csproj", "{6E043FC0-5538-4F1D-9710-D77CC3A07B67}"
EndProject
Global
	GlobalSection(SolutionConfigurationPlatforms) = preSolution
		Debug|Any CPU = Debug|Any CPU
		Release|Any CPU = Release|Any CPU
	EndGlobalSection
	GlobalSection(ProjectConfigurationPlatforms) = postSolution
		{6E043FC0-5538-4F1D-9710-D77CC3A07B67}.Debug|Any CPU.ActiveCfg = Debug|Any CPU
		{6E043FC0-5538-4F1D-9710-D77CC3A07B67}.Debug|Any CPU.Build.0 = Debug|Any CPU
		{6E043FC0-5538-4F1D-9710-D77CC3A07B67}.Release|Any CPU.ActiveCfg = Release|Any CPU
		{6E043FC0-5538-4F1D-9710-D77CC3A07B67}.Release|Any CPU.Build.0 = Release|Any CPU
	EndGlobalSection
	GlobalSection(SolutionProperties) = preSolution
		HideSolutionNode = FALSE
	EndGlobalSection
	GlobalSection(ExtensibilityGlobals) = postSolution
		SolutionGuid = {75A92B0C-E8BF-4F7A-A821-2F5FB4C76EE3}
	EndGlobalSection
EndGlobal
